# This file was autogenerated by Stack.
# You should not edit this file by hand.
# For more information, please see the documentation at:
#   https://docs.haskellstack.org/en/stable/lock_files

packages:
- completed:
    hackage: these-0.7.6@sha256:fc04a9fdcf42353d46a6d544d7f6de8652780021af179ecbddac3eea75ee6360,3517
    pantry-tree:
      size: 811
      sha256: 53655d8dd735ed686b54acd810e10547fcfc71c122296c21908a584940bec50c
  original:
    hackage: these-0.7.6@sha256:fc04a9fdcf42353d46a6d544d7f6de8652780021af179ecbddac3eea75ee6360,3517
- completed:
    hackage: QuickCheck-2.12.6.1@sha256:ce974f511174fbc3102bccb13d6d45781d327194f0311790b9f8db6a7cb1bab3,6336
    pantry-tree:
      size: 2046
      sha256: 1b9bf780a91762f07a63698d656234de0b68f5c8de760cc90153c01888730eb5
  original:
    hackage: QuickCheck-2.12.6.1@sha256:ce974f511174fbc3102bccb13d6d45781d327194f0311790b9f8db6a7cb1bab3,6336
snapshots:
- completed:
    size: 524799
    url: https://raw.githubusercontent.com/commercialhaskell/stackage-snapshots/master/lts/14/17.yaml
    sha256: 1d72b33c0fc048e23f4f18fd76a6ad79dd1d8a3c054644098a71a09855e40c7c
  original: lts-14.17
